
Microsoft Visual Studio Solution File, Format Version 12.00
# Visual Studio Version 17
VisualStudioVersion = 17.3.32929.385
MinimumVisualStudioVersion = 10.0.40219.1
Project("{FAE04EC0-301F-11D3-BF4B-00C04F79EFBC}") = "DataStructureDemo", "DataStructureDemo\DataStructureDemo.csproj", "{873D65C4-6E12-4A6C-9F10-1AAC31C9B2B6}"
EndProject
Project("{FAE04EC0-301F-11D3-BF4B-00C04F79EFBC}") = "QueueUsingLinkedList", "QueueUsingLinkedList\QueueUsingLinkedList.csproj", "{BDCD523B-8B39-404A-9AB0-B4E272BE3182}"
EndProject
Project("{FAE04EC0-301F-11D3-BF4B-00C04F79EFBC}") = "StackUsingLinkedList", "StackUsingLinkedList\StackUsingLinkedList.csproj", "{0622DC71-3C50-4A2C-8E7B-492C82A8270E}"
EndProject
Global
	GlobalSection(SolutionConfigurationPlatforms) = preSolution
		Debug|Any CPU = Debug|Any CPU
		Release|Any CPU = Release|Any CPU
	EndGlobalSection
	GlobalSection(ProjectConfigurationPlatforms) = postSolution
		{873D65C4-6E12-4A6C-9F10-1AAC31C9B2B6}.Debug|Any CPU.ActiveCfg = Debug|Any CPU
		{873D65C4-6E12-4A6C-9F10-1AAC31C9B2B6}.Debug|Any CPU.Build.0 = Debug|Any CPU
		{873D65C4-6E12-4A6C-9F10-1AAC31C9B2B6}.Release|Any CPU.ActiveCfg = Release|Any CPU
		{873D65C4-6E12-4A6C-9F10-1AAC31C9B2B6}.Release|Any CPU.Build.0 = Release|Any CPU
		{BDCD523B-8B39-404A-9AB0-B4E272BE3182}.Debug|Any CPU.ActiveCfg = Debug|Any CPU
		{BDCD523B-8B39-404A-9AB0-B4E272BE3182}.Debug|Any CPU.Build.0 = Debug|Any CPU
		{BDCD523B-8B39-404A-9AB0-B4E272BE3182}.Release|Any CPU.ActiveCfg = Release|Any CPU
		{BDCD523B-8B39-404A-9AB0-B4E272BE3182}.Release|Any CPU.Build.0 = Release|Any CPU
		{0622DC71-3C50-4A2C-8E7B-492C82A8270E}.Debug|Any CPU.ActiveCfg = Debug|Any CPU
		{0622DC71-3C50-4A2C-8E7B-492C82A8270E}.Debug|Any CPU.Build.0 = Debug|Any CPU
		{0622DC71-3C50-4A2C-8E7B-492C82A8270E}.Release|Any CPU.ActiveCfg = Release|Any CPU
		{0622DC71-3C50-4A2C-8E7B-492C82A8270E}.Release|Any CPU.Build.0 = Release|Any CPU
	EndGlobalSection
	GlobalSection(SolutionProperties) = preSolution
		HideSolutionNode = FALSE
	EndGlobalSection
	GlobalSection(ExtensibilityGlobals) = postSolution
		SolutionGuid = {F2EB0A16-481B-4246-8FA7-124A86B61DE5}
	EndGlobalSection
EndGlobal
